{
  "name": "contentcreator",
  "version": "1.0.0",
  "lockfileVersion": 2,
  "requires": true,
  "packages": {
    "": {
      "name": "contentcreator",
      "version": "1.0.0",
      "license": "ISC",
      "dependencies": {
        "twitter.js": "^0.14.0"
      }
    },
    "node_modules/@discordjs/collection": {
      "version": "0.5.0",
      "resolved": "https://registry.npmjs.org/@discordjs/collection/-/collection-0.5.0.tgz",
      "integrity": "sha512-3Vr3y4/Kl6ThOsD/cbXkK4JmjawQahbM3ojHpD6XyTEOG4fwZFMYH/NTWKFd5WZUw38iQsvGC4Kt4VkL++1hFQ==",
      "deprecated": "no longer supported",
      "engines": {
        "node": ">=16.9.0"
      }
    },
    "node_modules/@sapphire/async-queue": {
      "version": "1.5.0",
      "resolved": "https://registry.npmjs.org/@sapphire/async-queue/-/async-queue-1.5.0.tgz",
      "integrity": "sha512-JkLdIsP8fPAdh9ZZjrbHWR/+mZj0wvKS5ICibcLrRI1j84UmLMshx5n9QmL8b95d4onJ2xxiyugTgSAX7AalmA==",
      "engines": {
        "node": ">=v14.0.0",
        "npm": ">=7.0.0"
      }
    },
    "node_modules/busboy": {
      "version": "1.6.0",
      "resolved": "https://registry.npmjs.org/busboy/-/busboy-1.6.0.tgz",
      "integrity": "sha512-8SFQbg/0hQ9xy3UNTB0YEnsNBbWfhf7RtnzpL7TkBiTBRfrQ9Fxcnz7VJsleJpyp6rVLvXiuORqjlHi5q+PYuA==",
      "dependencies": {
        "streamsearch": "^1.1.0"
      },
      "engines": {
        "node": ">=10.16.0"
      }
    },
    "node_modules/oauth-1.0a": {
      "version": "2.2.6",
      "resolved": "https://registry.npmjs.org/oauth-1.0a/-/oauth-1.0a-2.2.6.tgz",
      "integrity": "sha512-6bkxv3N4Gu5lty4viIcIAnq5GbxECviMBeKR3WX/q87SPQ8E8aursPZUtsXDnxCs787af09WPRBLqYrf/lwoYQ=="
    },
    "node_modules/streamsearch": {
      "version": "1.1.0",
      "resolved": "https://registry.npmjs.org/streamsearch/-/streamsearch-1.1.0.tgz",
      "integrity": "sha512-Mcc5wHehp9aXz1ax6bZUyY5afg9u2rv5cqQI3mRrYkGC8rW2hM02jWuwjtL++LS5qinSyhj2QfLyNsuc+VsExg==",
      "engines": {
        "node": ">=10.0.0"
      }
    },
    "node_modules/twitter-types": {
      "version": "0.26.0",
      "resolved": "https://registry.npmjs.org/twitter-types/-/twitter-types-0.26.0.tgz",
      "integrity": "sha512-wX1oH8vVAorLyomOOyScUBPy+zVlOzoUSDVYeC3Gc+IZ85/k+sq37ioe2srmcbBQcweiuqthk2BUbgOUa9suWA=="
    },
    "node_modules/twitter.js": {
      "version": "0.14.0",
      "resolved": "https://registry.npmjs.org/twitter.js/-/twitter.js-0.14.0.tgz",
      "integrity": "sha512-J49mApXj0dY2iN6Y3ETt7s6HdEH7q57NfCkxMsP3I9CokMlaZk9QOrIdNhtmKHI5BV5iH7RPsKga/S9b92Xmew==",
      "dependencies": {
        "@discordjs/collection": "^0.5.0",
        "@sapphire/async-queue": "^1.3.1",
        "oauth-1.0a": "^2.2.6",
        "twitter-types": "^0.26.0",
        "undici": "^5.0.0"
      },
      "engines": {
        "node": ">=16.0.0",
        "npm": ">=7.0.0"
      }
    },
    "node_modules/undici": {
      "version": "5.14.0",
      "resolved": "https://registry.npmjs.org/undici/-/undici-5.14.0.tgz",
      "integrity": "sha512-yJlHYw6yXPPsuOH0x2Ib1Km61vu4hLiRRQoafs+WUgX1vO64vgnxiCEN9dpIrhZyHFsai3F0AEj4P9zy19enEQ==",
      "dependencies": {
        "busboy": "^1.6.0"
      },
      "engines": {
        "node": ">=12.18"
      }
    }
  },
  "dependencies": {
    "@discordjs/collection": {
      "version": "0.5.0",
      "resolved": "https://registry.npmjs.org/@discordjs/collection/-/collection-0.5.0.tgz",
      "integrity": "sha512-3Vr3y4/Kl6ThOsD/cbXkK4JmjawQahbM3ojHpD6XyTEOG4fwZFMYH/NTWKFd5WZUw38iQsvGC4Kt4VkL++1hFQ=="
    },
    "@sapphire/async-queue": {
      "version": "1.5.0",
      "resolved": "https://registry.npmjs.org/@sapphire/async-queue/-/async-queue-1.5.0.tgz",
      "integrity": "sha512-JkLdIsP8fPAdh9ZZjrbHWR/+mZj0wvKS5ICibcLrRI1j84UmLMshx5n9QmL8b95d4onJ2xxiyugTgSAX7AalmA=="
    },
    "busboy": {
      "version": "1.6.0",
      "resolved": "https://registry.npmjs.org/busboy/-/busboy-1.6.0.tgz",
      "integrity": "sha512-8SFQbg/0hQ9xy3UNTB0YEnsNBbWfhf7RtnzpL7TkBiTBRfrQ9Fxcnz7VJsleJpyp6rVLvXiuORqjlHi5q+PYuA==",
      "requires": {
        "streamsearch": "^1.1.0"
      }
    },
    "oauth-1.0a": {
      "version": "2.2.6",
      "resolved": "https://registry.npmjs.org/oauth-1.0a/-/oauth-1.0a-2.2.6.tgz",
      "integrity": "sha512-6bkxv3N4Gu5lty4viIcIAnq5GbxECviMBeKR3WX/q87SPQ8E8aursPZUtsXDnxCs787af09WPRBLqYrf/lwoYQ=="
    },
    "streamsearch": {
      "version": "1.1.0",
      "resolved": "https://registry.npmjs.org/streamsearch/-/streamsearch-1.1.0.tgz",
      "integrity": "sha512-Mcc5wHehp9aXz1ax6bZUyY5afg9u2rv5cqQI3mRrYkGC8rW2hM02jWuwjtL++LS5qinSyhj2QfLyNsuc+VsExg=="
    },
    "twitter-types": {
      "version": "0.26.0",
      "resolved": "https://registry.npmjs.org/twitter-types/-/twitter-types-0.26.0.tgz",
      "integrity": "sha512-wX1oH8vVAorLyomOOyScUBPy+zVlOzoUSDVYeC3Gc+IZ85/k+sq37ioe2srmcbBQcweiuqthk2BUbgOUa9suWA=="
    },
    "twitter.js": {
      "version": "0.14.0",
      "resolved": "https://registry.npmjs.org/twitter.js/-/twitter.js-0.14.0.tgz",
      "integrity": "sha512-J49mApXj0dY2iN6Y3ETt7s6HdEH7q57NfCkxMsP3I9CokMlaZk9QOrIdNhtmKHI5BV5iH7RPsKga/S9b92Xmew==",
      "requires": {
        "@discordjs/collection": "^0.5.0",
        "@sapphire/async-queue": "^1.3.1",
        "oauth-1.0a": "^2.2.6",
        "twitter-types": "^0.26.0",
        "undici": "^5.0.0"
      }
    },
    "undici": {
      "version": "5.14.0",
      "resolved": "https://registry.npmjs.org/undici/-/undici-5.14.0.tgz",
      "integrity": "sha512-yJlHYw6yXPPsuOH0x2Ib1Km61vu4hLiRRQoafs+WUgX1vO64vgnxiCEN9dpIrhZyHFsai3F0AEj4P9zy19enEQ==",
      "requires": {
        "busboy": "^1.6.0"
      }
    }
  }
}
